
Microsoft Visual Studio Solution File, Format Version 12.00
# Visual Studio Version 17
VisualStudioVersion = 17.0.31903.59
MinimumVisualStudioVersion = 10.0.40219.1
Project("{2150E333-8FDC-42A3-9474-1A3956D46DE8}") = "MagicHat.MongoDb", "MagicHat.MongoDb", "{457ACFEB-4C89-4AE6-9A68-A4EF54634724}"
EndProject
Project("{FAE04EC0-301F-11D3-BF4B-00C04F79EFBC}") = "MagicHat.MongoDB", "src\MagicHat.MongoDB\MagicHat.MongoDB.csproj", "{149766B4-463E-4EC7-9FAD-569C4AAB4DB0}"
EndProject
Project("{2150E333-8FDC-42A3-9474-1A3956D46DE8}") = "MagicHat.Core", "MagicHat.Core", "{3ABAA4AF-FF46-4712-8BD8-DD18A8EA2458}"
EndProject
Project("{FAE04EC0-301F-11D3-BF4B-00C04F79EFBC}") = "MagicHat", "src\MagicHat\MagicHat.csproj", "{E645B585-2975-4DBC-87C7-E1BEE70206C6}"
EndProject
Project("{2150E333-8FDC-42A3-9474-1A3956D46DE8}") = "Samples", "Samples", "{475AA9A5-AA0E-4273-B849-3C9189D69D12}"
EndProject
Project("{FAE04EC0-301F-11D3-BF4B-00C04F79EFBC}") = "OnlineShop", "examples\OnlineShop\OnlineShop.csproj", "{93289075-4380-43B3-9F99-21E0B2829882}"
EndProject
Project("{2150E333-8FDC-42A3-9474-1A3956D46DE8}") = "MagicHat.CQRS.Commands", "MagicHat.CQRS.Commands", "{A018117F-56E6-4A13-87A9-49D295E2078B}"
EndProject
Project("{FAE04EC0-301F-11D3-BF4B-00C04F79EFBC}") = "MagicHat.CQRS.Commands", "src\MagicHat.CQRS.Commands\MagicHat.CQRS.Commands.csproj", "{50AD7527-5C06-4ACB-8299-01D62ED629FB}"
EndProject
Project("{2150E333-8FDC-42A3-9474-1A3956D46DE8}") = "MagicHat.CQRS.Queries", "MagicHat.CQRS.Queries", "{267D6FBA-2E12-4435-94A0-A66F86FAF982}"
EndProject
Project("{FAE04EC0-301F-11D3-BF4B-00C04F79EFBC}") = "MagicHat.CQRS.Queries", "src\MagicHat.CQRS.Queries\MagicHat.CQRS.Queries.csproj", "{E4AD3C01-C1A7-4F2C-B92E-72A22528315B}"
EndProject
Project("{2150E333-8FDC-42A3-9474-1A3956D46DE8}") = "Sources", "Sources", "{12932B47-0898-477D-B8A6-D68094B4A899}"
EndProject
Project("{2150E333-8FDC-42A3-9474-1A3956D46DE8}") = "Persistence", "Persistence", "{A3ECD6EA-B091-4888-B84A-0077A0631CE4}"
EndProject
Project("{FAE04EC0-301F-11D3-BF4B-00C04F79EFBC}") = "MagicHat.Persistence.SqlServer", "src\MagicHat.Persistence.SqlServer\MagicHat.Persistence.SqlServer.csproj", "{54DB855C-BB85-40DA-B871-416E8991B49E}"
EndProject
Project("{2150E333-8FDC-42A3-9474-1A3956D46DE8}") = "MagicHat.ServiceDiscovery.Consul", "MagicHat.ServiceDiscovery.Consul", "{74995FAA-A11D-4FC0-861A-3CCA356DF5B6}"
EndProject
Project("{FAE04EC0-301F-11D3-BF4B-00C04F79EFBC}") = "MagicHat.ServiceDiscovery.Consul", "src\MagicHat.ServiceDiscovery.Consul\MagicHat.ServiceDiscovery.Consul.csproj", "{1ECABFE0-522B-491C-AFBC-73AF883B351A}"
EndProject
Project("{2150E333-8FDC-42A3-9474-1A3956D46DE8}") = "Messaging", "Messaging", "{A65BB936-F3BC-44B3-A0D8-F1CCAAD9D587}"
EndProject
Project("{FAE04EC0-301F-11D3-BF4B-00C04F79EFBC}") = "MagicHat.Messaging.RabbitMQ", "src\MagicHat.Messaging.RabbitMQ\MagicHat.Messaging.RabbitMQ.csproj", "{1B9998EC-CAFD-4AD3-A5B6-02AE4E62250C}"
EndProject
Project("{2150E333-8FDC-42A3-9474-1A3956D46DE8}") = "MagicHat.Security", "MagicHat.Security", "{AD8A6C96-0EC3-4A29-AF5F-ABA738A728A3}"
EndProject
Project("{FAE04EC0-301F-11D3-BF4B-00C04F79EFBC}") = "MagicHat.Security", "src\MagicHat.Security\src\MagicHat.Security\MagicHat.Security.csproj", "{76C9BED5-17F1-4E1B-BB3F-58426A4EA51D}"
EndProject
Project("{FAE04EC0-301F-11D3-BF4B-00C04F79EFBC}") = "MagicHat.SecurityTests", "src\MagicHat.Security\tests\MagicHat.SecurityTests\MagicHat.SecurityTests.csproj", "{6731B473-E11A-409F-8CD8-100EE9F407D5}"
EndProject
Project("{FAE04EC0-301F-11D3-BF4B-00C04F79EFBC}") = "MagicHat.Vault", "src\MagicHat.Vault\MagicHat.Vault.csproj", "{8E3D0E5F-A10C-4879-A6A4-F475F1BA8CE0}"
EndProject
Project("{2150E333-8FDC-42A3-9474-1A3956D46DE8}") = "MagicHat.Vault", "MagicHat.Vault", "{FF913E10-259C-4068-A2F0-A60404A2EF3C}"
EndProject
Project("{2150E333-8FDC-42A3-9474-1A3956D46DE8}") = "Docs", "Docs", "{9B7691F6-28A3-449B-B4EA-2CA749DCA612}"
	ProjectSection(SolutionItems) = preProject
		docs\sonar_qube.quickstart.md = docs\sonar_qube.quickstart.md
		docs\Vault\hashicorp_vault.quickstart.md = docs\Vault\hashicorp_vault.quickstart.md
	EndProjectSection
EndProject
Global
	GlobalSection(SolutionConfigurationPlatforms) = preSolution
		Debug|Any CPU = Debug|Any CPU
		Release|Any CPU = Release|Any CPU
	EndGlobalSection
	GlobalSection(SolutionProperties) = preSolution
		HideSolutionNode = FALSE
	EndGlobalSection
	GlobalSection(NestedProjects) = preSolution
		{149766B4-463E-4EC7-9FAD-569C4AAB4DB0} = {457ACFEB-4C89-4AE6-9A68-A4EF54634724}
		{E645B585-2975-4DBC-87C7-E1BEE70206C6} = {3ABAA4AF-FF46-4712-8BD8-DD18A8EA2458}
		{93289075-4380-43B3-9F99-21E0B2829882} = {475AA9A5-AA0E-4273-B849-3C9189D69D12}
		{50AD7527-5C06-4ACB-8299-01D62ED629FB} = {A018117F-56E6-4A13-87A9-49D295E2078B}
		{E4AD3C01-C1A7-4F2C-B92E-72A22528315B} = {267D6FBA-2E12-4435-94A0-A66F86FAF982}
		{457ACFEB-4C89-4AE6-9A68-A4EF54634724} = {12932B47-0898-477D-B8A6-D68094B4A899}
		{267D6FBA-2E12-4435-94A0-A66F86FAF982} = {12932B47-0898-477D-B8A6-D68094B4A899}
		{3ABAA4AF-FF46-4712-8BD8-DD18A8EA2458} = {12932B47-0898-477D-B8A6-D68094B4A899}
		{A018117F-56E6-4A13-87A9-49D295E2078B} = {12932B47-0898-477D-B8A6-D68094B4A899}
		{A3ECD6EA-B091-4888-B84A-0077A0631CE4} = {12932B47-0898-477D-B8A6-D68094B4A899}
		{54DB855C-BB85-40DA-B871-416E8991B49E} = {A3ECD6EA-B091-4888-B84A-0077A0631CE4}
		{74995FAA-A11D-4FC0-861A-3CCA356DF5B6} = {12932B47-0898-477D-B8A6-D68094B4A899}
		{1ECABFE0-522B-491C-AFBC-73AF883B351A} = {74995FAA-A11D-4FC0-861A-3CCA356DF5B6}
		{A65BB936-F3BC-44B3-A0D8-F1CCAAD9D587} = {12932B47-0898-477D-B8A6-D68094B4A899}
		{1B9998EC-CAFD-4AD3-A5B6-02AE4E62250C} = {A65BB936-F3BC-44B3-A0D8-F1CCAAD9D587}
		{AD8A6C96-0EC3-4A29-AF5F-ABA738A728A3} = {12932B47-0898-477D-B8A6-D68094B4A899}
		{76C9BED5-17F1-4E1B-BB3F-58426A4EA51D} = {AD8A6C96-0EC3-4A29-AF5F-ABA738A728A3}
		{6731B473-E11A-409F-8CD8-100EE9F407D5} = {AD8A6C96-0EC3-4A29-AF5F-ABA738A728A3}
		{FF913E10-259C-4068-A2F0-A60404A2EF3C} = {12932B47-0898-477D-B8A6-D68094B4A899}
		{8E3D0E5F-A10C-4879-A6A4-F475F1BA8CE0} = {FF913E10-259C-4068-A2F0-A60404A2EF3C}
	EndGlobalSection
	GlobalSection(ProjectConfigurationPlatforms) = postSolution
		{149766B4-463E-4EC7-9FAD-569C4AAB4DB0}.Debug|Any CPU.ActiveCfg = Debug|Any CPU
		{149766B4-463E-4EC7-9FAD-569C4AAB4DB0}.Debug|Any CPU.Build.0 = Debug|Any CPU
		{149766B4-463E-4EC7-9FAD-569C4AAB4DB0}.Release|Any CPU.ActiveCfg = Release|Any CPU
		{149766B4-463E-4EC7-9FAD-569C4AAB4DB0}.Release|Any CPU.Build.0 = Release|Any CPU
		{E645B585-2975-4DBC-87C7-E1BEE70206C6}.Debug|Any CPU.ActiveCfg = Debug|Any CPU
		{E645B585-2975-4DBC-87C7-E1BEE70206C6}.Debug|Any CPU.Build.0 = Debug|Any CPU
		{E645B585-2975-4DBC-87C7-E1BEE70206C6}.Release|Any CPU.ActiveCfg = Release|Any CPU
		{E645B585-2975-4DBC-87C7-E1BEE70206C6}.Release|Any CPU.Build.0 = Release|Any CPU
		{93289075-4380-43B3-9F99-21E0B2829882}.Debug|Any CPU.ActiveCfg = Debug|Any CPU
		{93289075-4380-43B3-9F99-21E0B2829882}.Debug|Any CPU.Build.0 = Debug|Any CPU
		{93289075-4380-43B3-9F99-21E0B2829882}.Release|Any CPU.ActiveCfg = Release|Any CPU
		{93289075-4380-43B3-9F99-21E0B2829882}.Release|Any CPU.Build.0 = Release|Any CPU
		{50AD7527-5C06-4ACB-8299-01D62ED629FB}.Debug|Any CPU.ActiveCfg = Debug|Any CPU
		{50AD7527-5C06-4ACB-8299-01D62ED629FB}.Debug|Any CPU.Build.0 = Debug|Any CPU
		{50AD7527-5C06-4ACB-8299-01D62ED629FB}.Release|Any CPU.ActiveCfg = Release|Any CPU
		{50AD7527-5C06-4ACB-8299-01D62ED629FB}.Release|Any CPU.Build.0 = Release|Any CPU
		{E4AD3C01-C1A7-4F2C-B92E-72A22528315B}.Debug|Any CPU.ActiveCfg = Debug|Any CPU
		{E4AD3C01-C1A7-4F2C-B92E-72A22528315B}.Debug|Any CPU.Build.0 = Debug|Any CPU
		{E4AD3C01-C1A7-4F2C-B92E-72A22528315B}.Release|Any CPU.ActiveCfg = Release|Any CPU
		{E4AD3C01-C1A7-4F2C-B92E-72A22528315B}.Release|Any CPU.Build.0 = Release|Any CPU
		{54DB855C-BB85-40DA-B871-416E8991B49E}.Debug|Any CPU.ActiveCfg = Debug|Any CPU
		{54DB855C-BB85-40DA-B871-416E8991B49E}.Debug|Any CPU.Build.0 = Debug|Any CPU
		{54DB855C-BB85-40DA-B871-416E8991B49E}.Release|Any CPU.ActiveCfg = Release|Any CPU
		{54DB855C-BB85-40DA-B871-416E8991B49E}.Release|Any CPU.Build.0 = Release|Any CPU
		{1ECABFE0-522B-491C-AFBC-73AF883B351A}.Debug|Any CPU.ActiveCfg = Debug|Any CPU
		{1ECABFE0-522B-491C-AFBC-73AF883B351A}.Debug|Any CPU.Build.0 = Debug|Any CPU
		{1ECABFE0-522B-491C-AFBC-73AF883B351A}.Release|Any CPU.ActiveCfg = Release|Any CPU
		{1ECABFE0-522B-491C-AFBC-73AF883B351A}.Release|Any CPU.Build.0 = Release|Any CPU
		{1B9998EC-CAFD-4AD3-A5B6-02AE4E62250C}.Debug|Any CPU.ActiveCfg = Debug|Any CPU
		{1B9998EC-CAFD-4AD3-A5B6-02AE4E62250C}.Debug|Any CPU.Build.0 = Debug|Any CPU
		{1B9998EC-CAFD-4AD3-A5B6-02AE4E62250C}.Release|Any CPU.ActiveCfg = Release|Any CPU
		{1B9998EC-CAFD-4AD3-A5B6-02AE4E62250C}.Release|Any CPU.Build.0 = Release|Any CPU
		{76C9BED5-17F1-4E1B-BB3F-58426A4EA51D}.Debug|Any CPU.ActiveCfg = Debug|Any CPU
		{76C9BED5-17F1-4E1B-BB3F-58426A4EA51D}.Debug|Any CPU.Build.0 = Debug|Any CPU
		{76C9BED5-17F1-4E1B-BB3F-58426A4EA51D}.Release|Any CPU.ActiveCfg = Release|Any CPU
		{76C9BED5-17F1-4E1B-BB3F-58426A4EA51D}.Release|Any CPU.Build.0 = Release|Any CPU
		{6731B473-E11A-409F-8CD8-100EE9F407D5}.Debug|Any CPU.ActiveCfg = Debug|Any CPU
		{6731B473-E11A-409F-8CD8-100EE9F407D5}.Debug|Any CPU.Build.0 = Debug|Any CPU
		{6731B473-E11A-409F-8CD8-100EE9F407D5}.Release|Any CPU.ActiveCfg = Release|Any CPU
		{6731B473-E11A-409F-8CD8-100EE9F407D5}.Release|Any CPU.Build.0 = Release|Any CPU
		{8E3D0E5F-A10C-4879-A6A4-F475F1BA8CE0}.Debug|Any CPU.ActiveCfg = Debug|Any CPU
		{8E3D0E5F-A10C-4879-A6A4-F475F1BA8CE0}.Debug|Any CPU.Build.0 = Debug|Any CPU
		{8E3D0E5F-A10C-4879-A6A4-F475F1BA8CE0}.Release|Any CPU.ActiveCfg = Release|Any CPU
		{8E3D0E5F-A10C-4879-A6A4-F475F1BA8CE0}.Release|Any CPU.Build.0 = Release|Any CPU
	EndGlobalSection
EndGlobal
